// !$*UTF8*$!
{
	archiveVersion = 1;
	classes = {
	};
	objectVersion = 56;
	objects = {

/* Begin PBXBuildFile section */
		194189042BA4439A0027A834 /* ParentView.swift in Sources */ = {isa = PBXBuildFile; fileRef = 194189032BA4439A0027A834 /* ParentView.swift */; };
		199A21102B540D8900A610AA /* SwiftUIListTestApp.swift in Sources */ = {isa = PBXBuildFile; fileRef = 199A210F2B540D8900A610AA /* SwiftUIListTestApp.swift */; };
		199A21122B540D8900A610AA /* ContentView.swift in Sources */ = {isa = PBXBuildFile; fileRef = 199A21112B540D8900A610AA /* ContentView.swift */; };
		199A21142B540D8B00A610AA /* Assets.xcassets in Resources */ = {isa = PBXBuildFile; fileRef = 199A21132B540D8B00A610AA /* Assets.xcassets */; };
		199A21172B540D8B00A610AA /* Preview Assets.xcassets in Resources */ = {isa = PBXBuildFile; fileRef = 199A21162B540D8B00A610AA /* Preview Assets.xcassets */; };
		199A21232B54152300A610AA /* Animal.swift in Sources */ = {isa = PBXBuildFile; fileRef = 199A21222B54152300A610AA /* Animal.swift */; };
		199A21262B54155D00A610AA /* ListView.swift in Sources */ = {isa = PBXBuildFile; fileRef = 199A21252B54155D00A610AA /* ListView.swift */; };
		199A21282B5419FF00A610AA /* DetailsView.swift in Sources */ = {isa = PBXBuildFile; fileRef = 199A21272B5419FF00A610AA /* DetailsView.swift */; };
		199A212A2B54666100A610AA /* CustomList.swift in Sources */ = {isa = PBXBuildFile; fileRef = 199A21292B54666100A610AA /* CustomList.swift */; };
		199A212C2B54744400A610AA /* CustomNavigationLink.swift in Sources */ = {isa = PBXBuildFile; fileRef = 199A212B2B54744400A610AA /* CustomNavigationLink.swift */; };
		19A085EC2B7B847200B81C2E /* StateExample.swift in Sources */ = {isa = PBXBuildFile; fileRef = 19A085EB2B7B847200B81C2E /* StateExample.swift */; };
		19A085EE2B7B889F00B81C2E /* ZSStateExample.swift in Sources */ = {isa = PBXBuildFile; fileRef = 19A085ED2B7B889F00B81C2E /* ZSStateExample.swift */; };
		19A085F02B7BA9DA00B81C2E /* ShowStateDetailView.swift in Sources */ = {isa = PBXBuildFile; fileRef = 19A085EF2B7BA9DA00B81C2E /* ShowStateDetailView.swift */; };
		19C337F22BA83E5200F00380 /* ObservableViewTest.swift in Sources */ = {isa = PBXBuildFile; fileRef = 19C337F12BA83E5200F00380 /* ObservableViewTest.swift */; };
		19EBC62B2B57F6A6003551B0 /* CircleImage.swift in Sources */ = {isa = PBXBuildFile; fileRef = 19EBC62A2B57F6A6003551B0 /* CircleImage.swift */; };
		19F84ED32BA4D5D10081BD8E /* StateTest.swift in Sources */ = {isa = PBXBuildFile; fileRef = 19F84ED22BA4D5D10081BD8E /* StateTest.swift */; };
/* End PBXBuildFile section */

/* Begin PBXFileReference section */
		194189032BA4439A0027A834 /* ParentView.swift */ = {isa = PBXFileReference; lastKnownFileType = sourcecode.swift; path = ParentView.swift; sourceTree = "<group>"; };
		199A210C2B540D8900A610AA /* SwiftUIListTest.app */ = {isa = PBXFileReference; explicitFileType = wrapper.application; includeInIndex = 0; path = SwiftUIListTest.app; sourceTree = BUILT_PRODUCTS_DIR; };
		199A210F2B540D8900A610AA /* SwiftUIListTestApp.swift */ = {isa = PBXFileReference; lastKnownFileType = sourcecode.swift; path = SwiftUIListTestApp.swift; sourceTree = "<group>"; };
		199A21112B540D8900A610AA /* ContentView.swift */ = {isa = PBXFileReference; lastKnownFileType = sourcecode.swift; path = ContentView.swift; sourceTree = "<group>"; };
		199A21132B540D8B00A610AA /* Assets.xcassets */ = {isa = PBXFileReference; lastKnownFileType = folder.assetcatalog; path = Assets.xcassets; sourceTree = "<group>"; };
		199A21162B540D8B00A610AA /* Preview Assets.xcassets */ = {isa = PBXFileReference; lastKnownFileType = folder.assetcatalog; path = "Preview Assets.xcassets"; sourceTree = "<group>"; };
		199A21222B54152300A610AA /* Animal.swift */ = {isa = PBXFileReference; lastKnownFileType = sourcecode.swift; path = Animal.swift; sourceTree = "<group>"; };
		199A21252B54155D00A610AA /* ListView.swift */ = {isa = PBXFileReference; lastKnownFileType = sourcecode.swift; path = ListView.swift; sourceTree = "<group>"; };
		199A21272B5419FF00A610AA /* DetailsView.swift */ = {isa = PBXFileReference; lastKnownFileType = sourcecode.swift; path = DetailsView.swift; sourceTree = "<group>"; };
		199A21292B54666100A610AA /* CustomList.swift */ = {isa = PBXFileReference; lastKnownFileType = sourcecode.swift; path = CustomList.swift; sourceTree = "<group>"; };
		199A212B2B54744400A610AA /* CustomNavigationLink.swift */ = {isa = PBXFileReference; lastKnownFileType = sourcecode.swift; path = CustomNavigationLink.swift; sourceTree = "<group>"; };
		19A085EB2B7B847200B81C2E /* StateExample.swift */ = {isa = PBXFileReference; lastKnownFileType = sourcecode.swift; path = StateExample.swift; sourceTree = "<group>"; };
		19A085ED2B7B889F00B81C2E /* ZSStateExample.swift */ = {isa = PBXFileReference; lastKnownFileType = sourcecode.swift; path = ZSStateExample.swift; sourceTree = "<group>"; };
		19A085EF2B7BA9DA00B81C2E /* ShowStateDetailView.swift */ = {isa = PBXFileReference; lastKnownFileType = sourcecode.swift; path = ShowStateDetailView.swift; sourceTree = "<group>"; };
		19C337F12BA83E5200F00380 /* ObservableViewTest.swift */ = {isa = PBXFileReference; lastKnownFileType = sourcecode.swift; path = ObservableViewTest.swift; sourceTree = "<group>"; };
		19EBC62A2B57F6A6003551B0 /* CircleImage.swift */ = {isa = PBXFileReference; lastKnownFileType = sourcecode.swift; path = CircleImage.swift; sourceTree = "<group>"; };
		19F84ED22BA4D5D10081BD8E /* StateTest.swift */ = {isa = PBXFileReference; lastKnownFileType = sourcecode.swift; path = StateTest.swift; sourceTree = "<group>"; };
/* End PBXFileReference section */

/* Begin PBXFrameworksBuildPhase section */
		199A21092B540D8900A610AA /* Frameworks */ = {
			isa = PBXFrameworksBuildPhase;
			buildActionMask = 2147483647;
			files = (
			);
			runOnlyForDeploymentPostprocessing = 0;
		};
/* End PBXFrameworksBuildPhase section */

/* Begin PBXGroup section */
		199A21032B540D8900A610AA = {
			isa = PBXGroup;
			children = (
				199A210E2B540D8900A610AA /* SwiftUIListTest */,
				199A210D2B540D8900A610AA /* Products */,
			);
			sourceTree = "<group>";
		};
		199A210D2B540D8900A610AA /* Products */ = {
			isa = PBXGroup;
			children = (
				199A210C2B540D8900A610AA /* SwiftUIListTest.app */,
			);
			name = Products;
			sourceTree = "<group>";
		};
		199A210E2B540D8900A610AA /* SwiftUIListTest */ = {
			isa = PBXGroup;
			children = (
				199A21242B54155000A610AA /* View */,
				199A211D2B54135200A610AA /* Model */,
				199A210F2B540D8900A610AA /* SwiftUIListTestApp.swift */,
				199A21112B540D8900A610AA /* ContentView.swift */,
				199A21132B540D8B00A610AA /* Assets.xcassets */,
				199A21152B540D8B00A610AA /* Preview Content */,
			);
			path = SwiftUIListTest;
			sourceTree = "<group>";
		};
		199A21152B540D8B00A610AA /* Preview Content */ = {
			isa = PBXGroup;
			children = (
				199A21162B540D8B00A610AA /* Preview Assets.xcassets */,
			);
			path = "Preview Content";
			sourceTree = "<group>";
		};
		199A211D2B54135200A610AA /* Model */ = {
			isa = PBXGroup;
			children = (
				199A21222B54152300A610AA /* Animal.swift */,
			);
			path = Model;
			sourceTree = "<group>";
		};
		199A21242B54155000A610AA /* View */ = {
			isa = PBXGroup;
			children = (
				19C337F02BA83E3B00F00380 /* observable */,
				19F84ECF2BA4D5700081BD8E /* stateexample */,
				199A21252B54155D00A610AA /* ListView.swift */,
				199A21272B5419FF00A610AA /* DetailsView.swift */,
				199A21292B54666100A610AA /* CustomList.swift */,
				199A212B2B54744400A610AA /* CustomNavigationLink.swift */,
				19EBC62A2B57F6A6003551B0 /* CircleImage.swift */,
				19A085EB2B7B847200B81C2E /* StateExample.swift */,
				19A085ED2B7B889F00B81C2E /* ZSStateExample.swift */,
				19A085EF2B7BA9DA00B81C2E /* ShowStateDetailView.swift */,
				194189032BA4439A0027A834 /* ParentView.swift */,
			);
			path = View;
			sourceTree = "<group>";
		};
		19C337F02BA83E3B00F00380 /* observable */ = {
			isa = PBXGroup;
			children = (
				19C337F12BA83E5200F00380 /* ObservableViewTest.swift */,
			);
			path = observable;
			sourceTree = "<group>";
		};
		19F84ECF2BA4D5700081BD8E /* stateexample */ = {
			isa = PBXGroup;
			children = (
				19F84ED22BA4D5D10081BD8E /* StateTest.swift */,
			);
			path = stateexample;
			sourceTree = "<group>";
		};
/* End PBXGroup section */

/* Begin PBXNativeTarget section */
		199A210B2B540D8900A610AA /* SwiftUIListTest */ = {
			isa = PBXNativeTarget;
			buildConfigurationList = 199A211A2B540D8B00A610AA /* Build configuration list for PBXNativeTarget "SwiftUIListTest" */;
			buildPhases = (
				199A21082B540D8900A610AA /* Sources */,
				199A21092B540D8900A610AA /* Frameworks */,
				199A210A2B540D8900A610AA /* Resources */,
			);
			buildRules = (
			);
			dependencies = (
			);
			name = SwiftUIListTest;
			productName = SwiftUIListTest;
			productReference = 199A210C2B540D8900A610AA /* SwiftUIListTest.app */;
			productType = "com.apple.product-type.application";
		};
/* End PBXNativeTarget section */

/* Begin PBXProject section */
		199A21042B540D8900A610AA /* Project object */ = {
			isa = PBXProject;
			attributes = {
				BuildIndependentTargetsInParallel = 1;
				LastSwiftUpdateCheck = 1500;
				LastUpgradeCheck = 1500;
				TargetAttributes = {
					199A210B2B540D8900A610AA = {
						CreatedOnToolsVersion = 15.0;
					};
				};
			};
			buildConfigurationList = 199A21072B540D8900A610AA /* Build configuration list for PBXProject "SwiftUIListTest" */;
			compatibilityVersion = "Xcode 14.0";
			developmentRegion = en;
			hasScannedForEncodings = 0;
			knownRegions = (
				en,
				Base,
			);
			mainGroup = 199A21032B540D8900A610AA;
			productRefGroup = 199A210D2B540D8900A610AA /* Products */;
			projectDirPath = "";
			projectRoot = "";
			targets = (
				199A210B2B540D8900A610AA /* SwiftUIListTest */,
			);
		};
/* End PBXProject section */

/* Begin PBXResourcesBuildPhase section */
		199A210A2B540D8900A610AA /* Resources */ = {
			isa = PBXResourcesBuildPhase;
			buildActionMask = 2147483647;
			files = (
				199A21172B540D8B00A610AA /* Preview Assets.xcassets in Resources */,
				199A21142B540D8B00A610AA /* Assets.xcassets in Resources */,
			);
			runOnlyForDeploymentPostprocessing = 0;
		};
/* End PBXResourcesBuildPhase section */

/* Begin PBXSourcesBuildPhase section */
		199A21082B540D8900A610AA /* Sources */ = {
			isa = PBXSourcesBuildPhase;
			buildActionMask = 2147483647;
			files = (
				199A21262B54155D00A610AA /* ListView.swift in Sources */,
				19A085F02B7BA9DA00B81C2E /* ShowStateDetailView.swift in Sources */,
				19F84ED32BA4D5D10081BD8E /* StateTest.swift in Sources */,
				19EBC62B2B57F6A6003551B0 /* CircleImage.swift in Sources */,
				199A21282B5419FF00A610AA /* DetailsView.swift in Sources */,
				194189042BA4439A0027A834 /* ParentView.swift in Sources */,
				199A21122B540D8900A610AA /* ContentView.swift in Sources */,
				199A212C2B54744400A610AA /* CustomNavigationLink.swift in Sources */,
				19A085EE2B7B889F00B81C2E /* ZSStateExample.swift in Sources */,
				199A21102B540D8900A610AA /* SwiftUIListTestApp.swift in Sources */,
				199A212A2B54666100A610AA /* CustomList.swift in Sources */,
				19C337F22BA83E5200F00380 /* ObservableViewTest.swift in Sources */,
				19A085EC2B7B847200B81C2E /* StateExample.swift in Sources */,
				199A21232B54152300A610AA /* Animal.swift in Sources */,
			);
			runOnlyForDeploymentPostprocessing = 0;
		};
/* End PBXSourcesBuildPhase section */

/* Begin XCBuildConfiguration section */
		199A21182B540D8B00A610AA /* Debug */ = {
			isa = XCBuildConfiguration;
			buildSettings = {
				ALWAYS_SEARCH_USER_PATHS = NO;
				ASSETCATALOG_COMPILER_GENERATE_SWIFT_ASSET_SYMBOL_EXTENSIONS = YES;
				CLANG_ANALYZER_NONNULL = YES;
				CLANG_ANALYZER_NUMBER_OBJECT_CONVERSION = YES_AGGRESSIVE;
				CLANG_CXX_LANGUAGE_STANDARD = "gnu++20";
				CLANG_ENABLE_MODULES = YES;
				CLANG_ENABLE_OBJC_ARC = YES;
				CLANG_ENABLE_OBJC_WEAK = YES;
				CLANG_WARN_BLOCK_CAPTURE_AUTORELEASING = YES;
				CLANG_WARN_BOOL_CONVERSION = YES;
				CLANG_WARN_COMMA = YES;
				CLANG_WARN_CONSTANT_CONVERSION = YES;
				CLANG_WARN_DEPRECATED_OBJC_IMPLEMENTATIONS = YES;
				CLANG_WARN_DIRECT_OBJC_ISA_USAGE = YES_ERROR;
				CLANG_WARN_DOCUMENTATION_COMMENTS = YES;
				CLANG_WARN_EMPTY_BODY = YES;
				CLANG_WARN_ENUM_CONVERSION = YES;
				CLANG_WARN_INFINITE_RECURSION = YES;
				CLANG_WARN_INT_CONVERSION = YES;
				CLANG_WARN_NON_LITERAL_NULL_CONVERSION = YES;
				CLANG_WARN_OBJC_IMPLICIT_RETAIN_SELF = YES;
				CLANG_WARN_OBJC_LITERAL_CONVERSION = YES;
				CLANG_WARN_OBJC_ROOT_CLASS = YES_ERROR;
				CLANG_WARN_QUOTED_INCLUDE_IN_FRAMEWORK_HEADER = YES;
				CLANG_WARN_RANGE_LOOP_ANALYSIS = YES;
				CLANG_WARN_STRICT_PROTOTYPES = YES;
				CLANG_WARN_SUSPICIOUS_MOVE = YES;
				CLANG_WARN_UNGUARDED_AVAILABILITY = YES_AGGRESSIVE;
				CLANG_WARN_UNREACHABLE_CODE = YES;
				CLANG_WARN__DUPLICATE_METHOD_MATCH = YES;
				COPY_PHASE_STRIP = NO;
				DEBUG_INFORMATION_FORMAT = dwarf;
				ENABLE_STRICT_OBJC_MSGSEND = YES;
				ENABLE_TESTABILITY = YES;
				ENABLE_USER_SCRIPT_SANDBOXING = YES;
				GCC_C_LANGUAGE_STANDARD = gnu17;
				GCC_DYNAMIC_NO_PIC = NO;
				GCC_NO_COMMON_BLOCKS = YES;
				GCC_OPTIMIZATION_LEVEL = 0;
				GCC_PREPROCESSOR_DEFINITIONS = (
					"DEBUG=1",
					"$(inherited)",
				);
				GCC_WARN_64_TO_32_BIT_CONVERSION = YES;
				GCC_WARN_ABOUT_RETURN_TYPE = YES_ERROR;
				GCC_WARN_UNDECLARED_SELECTOR = YES;
				GCC_WARN_UNINITIALIZED_AUTOS = YES_AGGRESSIVE;
				GCC_WARN_UNUSED_FUNCTION = YES;
				GCC_WARN_UNUSED_VARIABLE = YES;
				IPHONEOS_DEPLOYMENT_TARGET = 17.0;
				LOCALIZATION_PREFERS_STRING_CATALOGS = YES;
				MTL_ENABLE_DEBUG_INFO = INCLUDE_SOURCE;
				MTL_FAST_MATH = YES;
				ONLY_ACTIVE_ARCH = YES;
				SDKROOT = iphoneos;
				SWIFT_ACTIVE_COMPILATION_CONDITIONS = "DEBUG $(inherited)";
				SWIFT_OPTIMIZATION_LEVEL = "-Onone";
			};
			name = Debug;
		};
		199A21192B540D8B00A610AA /* Release */ = {
			isa = XCBuildConfiguration;
			buildSettings = {
				ALWAYS_SEARCH_USER_PATHS = NO;
				ASSETCATALOG_COMPILER_GENERATE_SWIFT_ASSET_SYMBOL_EXTENSIONS = YES;
				CLANG_ANALYZER_NONNULL = YES;
				CLANG_ANALYZER_NUMBER_OBJECT_CONVERSION = YES_AGGRESSIVE;
				CLANG_CXX_LANGUAGE_STANDARD = "gnu++20";
				CLANG_ENABLE_MODULES = YES;
				CLANG_ENABLE_OBJC_ARC = YES;
				CLANG_ENABLE_OBJC_WEAK = YES;
				CLANG_WARN_BLOCK_CAPTURE_AUTORELEASING = YES;
				CLANG_WARN_BOOL_CONVERSION = YES;
				CLANG_WARN_COMMA = YES;
				CLANG_WARN_CONSTANT_CONVERSION = YES;
				CLANG_WARN_DEPRECATED_OBJC_IMPLEMENTATIONS = YES;
				CLANG_WARN_DIRECT_OBJC_ISA_USAGE = YES_ERROR;
				CLANG_WARN_DOCUMENTATION_COMMENTS = YES;
				CLANG_WARN_EMPTY_BODY = YES;
				CLANG_WARN_ENUM_CONVERSION = YES;
				CLANG_WARN_INFINITE_RECURSION = YES;
				CLANG_WARN_INT_CONVERSION = YES;
				CLANG_WARN_NON_LITERAL_NULL_CONVERSION = YES;
				CLANG_WARN_OBJC_IMPLICIT_RETAIN_SELF = YES;
				CLANG_WARN_OBJC_LITERAL_CONVERSION = YES;
				CLANG_WARN_OBJC_ROOT_CLASS = YES_ERROR;
				CLANG_WARN_QUOTED_INCLUDE_IN_FRAMEWORK_HEADER = YES;
				CLANG_WARN_RANGE_LOOP_ANALYSIS = YES;
				CLANG_WARN_STRICT_PROTOTYPES = YES;
				CLANG_WARN_SUSPICIOUS_MOVE = YES;
				CLANG_WARN_UNGUARDED_AVAILABILITY = YES_AGGRESSIVE;
				CLANG_WARN_UNREACHABLE_CODE = YES;
				CLANG_WARN__DUPLICATE_METHOD_MATCH = YES;
				COPY_PHASE_STRIP = NO;
				DEBUG_INFORMATION_FORMAT = "dwarf-with-dsym";
				ENABLE_NS_ASSERTIONS = NO;
				ENABLE_STRICT_OBJC_MSGSEND = YES;
				ENABLE_USER_SCRIPT_SANDBOXING = YES;
				GCC_C_LANGUAGE_STANDARD = gnu17;
				GCC_NO_COMMON_BLOCKS = YES;
				GCC_WARN_64_TO_32_BIT_CONVERSION = YES;
				GCC_WARN_ABOUT_RETURN_TYPE = YES_ERROR;
				GCC_WARN_UNDECLARED_SELECTOR = YES;
				GCC_WARN_UNINITIALIZED_AUTOS = YES_AGGRESSIVE;
				GCC_WARN_UNUSED_FUNCTION = YES;
				GCC_WARN_UNUSED_VARIABLE = YES;
				IPHONEOS_DEPLOYMENT_TARGET = 17.0;
				LOCALIZATION_PREFERS_STRING_CATALOGS = YES;
				MTL_ENABLE_DEBUG_INFO = NO;
				MTL_FAST_MATH = YES;
				SDKROOT = iphoneos;
				SWIFT_COMPILATION_MODE = wholemodule;
				VALIDATE_PRODUCT = YES;
			};
			name = Release;
		};
		199A211B2B540D8B00A610AA /* Debug */ = {
			isa = XCBuildConfiguration;
			buildSettings = {
				ASSETCATALOG_COMPILER_APPICON_NAME = AppIcon;
				ASSETCATALOG_COMPILER_GLOBAL_ACCENT_COLOR_NAME = AccentColor;
				CODE_SIGN_STYLE = Automatic;
				CURRENT_PROJECT_VERSION = 1;
				DEVELOPMENT_ASSET_PATHS = "\"SwiftUIListTest/Preview Content\"";
				DEVELOPMENT_TEAM = A89YLMB25K;
				ENABLE_PREVIEWS = YES;
				GENERATE_INFOPLIST_FILE = YES;
				INFOPLIST_KEY_UIApplicationSceneManifest_Generation = YES;
				INFOPLIST_KEY_UIApplicationSupportsIndirectInputEvents = YES;
				INFOPLIST_KEY_UILaunchScreen_Generation = YES;
				INFOPLIST_KEY_UISupportedInterfaceOrientations_iPad = "UIInterfaceOrientationPortrait UIInterfaceOrientationPortraitUpsideDown UIInterfaceOrientationLandscapeLeft UIInterfaceOrientationLandscapeRight";
				INFOPLIST_KEY_UISupportedInterfaceOrientations_iPhone = "UIInterfaceOrientationPortrait UIInterfaceOrientationLandscapeLeft UIInterfaceOrientationLandscapeRight";
				IPHONEOS_DEPLOYMENT_TARGET = 16.0;
				LD_RUNPATH_SEARCH_PATHS = (
					"$(inherited)",
					"@executable_path/Frameworks",
				);
				MARKETING_VERSION = 1.0;
				PRODUCT_BUNDLE_IDENTIFIER = com.rock.testswiftui.SwiftUIListTest;
				PRODUCT_NAME = "$(TARGET_NAME)";
				SWIFT_EMIT_LOC_STRINGS = YES;
				SWIFT_VERSION = 5.0;
				TARGETED_DEVICE_FAMILY = "1,2";
			};
			name = Debug;
		};
		199A211C2B540D8B00A610AA /* Release */ = {
			isa = XCBuildConfiguration;
			buildSettings = {
				ASSETCATALOG_COMPILER_APPICON_NAME = AppIcon;
				ASSETCATALOG_COMPILER_GLOBAL_ACCENT_COLOR_NAME = AccentColor;
				CODE_SIGN_STYLE = Automatic;
				CURRENT_PROJECT_VERSION = 1;
				DEVELOPMENT_ASSET_PATHS = "\"SwiftUIListTest/Preview Content\"";
				DEVELOPMENT_TEAM = A89YLMB25K;
				ENABLE_PREVIEWS = YES;
				GENERATE_INFOPLIST_FILE = YES;
				INFOPLIST_KEY_UIApplicationSceneManifest_Generation = YES;
				INFOPLIST_KEY_UIApplicationSupportsIndirectInputEvents = YES;
				INFOPLIST_KEY_UILaunchScreen_Generation = YES;
				INFOPLIST_KEY_UISupportedInterfaceOrientations_iPad = "UIInterfaceOrientationPortrait UIInterfaceOrientationPortraitUpsideDown UIInterfaceOrientationLandscapeLeft UIInterfaceOrientationLandscapeRight";
				INFOPLIST_KEY_UISupportedInterfaceOrientations_iPhone = "UIInterfaceOrientationPortrait UIInterfaceOrientationLandscapeLeft UIInterfaceOrientationLandscapeRight";
				IPHONEOS_DEPLOYMENT_TARGET = 16.0;
				LD_RUNPATH_SEARCH_PATHS = (
					"$(inherited)",
					"@executable_path/Frameworks",
				);
				MARKETING_VERSION = 1.0;
				PRODUCT_BUNDLE_IDENTIFIER = com.rock.testswiftui.SwiftUIListTest;
				PRODUCT_NAME = "$(TARGET_NAME)";
				SWIFT_EMIT_LOC_STRINGS = YES;
				SWIFT_VERSION = 5.0;
				TARGETED_DEVICE_FAMILY = "1,2";
			};
			name = Release;
		};
/* End XCBuildConfiguration section */

/* Begin XCConfigurationList section */
		199A21072B540D8900A610AA /* Build configuration list for PBXProject "SwiftUIListTest" */ = {
			isa = XCConfigurationList;
			buildConfigurations = (
				199A21182B540D8B00A610AA /* Debug */,
				199A21192B540D8B00A610AA /* Release */,
			);
			defaultConfigurationIsVisible = 0;
			defaultConfigurationName = Release;
		};
		199A211A2B540D8B00A610AA /* Build configuration list for PBXNativeTarget "SwiftUIListTest" */ = {
			isa = XCConfigurationList;
			buildConfigurations = (
				199A211B2B540D8B00A610AA /* Debug */,
				199A211C2B540D8B00A610AA /* Release */,
			);
			defaultConfigurationIsVisible = 0;
			defaultConfigurationName = Release;
		};
/* End XCConfigurationList section */
	};
	rootObject = 199A21042B540D8900A610AA /* Project object */;
}
